<Solution>
  <Folder Name="/src/">
    <Project Path="src/BuildCv.Api/BuildCv.Api.csproj" />
    <Project Path="src/BuildCv.Application/BuildCv.Application.csproj" />
    <Project Path="src/BuildCv.Domain/BuildCv.Domain.csproj" />
    <Project Path="src/BuildCv.Infrastructure/BuildCv.Infrastructure.csproj" />
  </Folder>
  <Folder Name="/tests/">
    <Project Path="tests/BuildCv.Api.IntegrationTests/BuildCv.Api.IntegrationTests.csproj" />
    <Project Path="tests/BuildCv.Application.Tests/BuildCv.Application.Tests.csproj" />
    <Project Path="tests/BuildCv.Domain.Tests/BuildCv.Domain.Tests.csproj" />
    <Project Path="tests/BuildCv.Infrastructure.Tests/BuildCv.Infrastructure.Tests.csproj" />
  </Folder>
</Solution>
